
Microsoft Visual Studio Solution File, Format Version 12.00
# Visual Studio Version 17
VisualStudioVersion = 17.3.32825.248
MinimumVisualStudioVersion = 10.0.40219.1
Project("{FAE04EC0-301F-11D3-BF4B-00C04F79EFBC}") = "MyStore", "MyStore\MyStore.csproj", "{56512F9E-4E15-493B-8949-0F6C22561E23}"
EndProject
Global
	GlobalSection(SolutionConfigurationPlatforms) = preSolution
		Debug|Any CPU = Debug|Any CPU
		Release|Any CPU = Release|Any CPU
	EndGlobalSection
	GlobalSection(ProjectConfigurationPlatforms) = postSolution
		{56512F9E-4E15-493B-8949-0F6C22561E23}.Debug|Any CPU.ActiveCfg = Debug|Any CPU
		{56512F9E-4E15-493B-8949-0F6C22561E23}.Debug|Any CPU.Build.0 = Debug|Any CPU
		{56512F9E-4E15-493B-8949-0F6C22561E23}.Release|Any CPU.ActiveCfg = Release|Any CPU
		{56512F9E-4E15-493B-8949-0F6C22561E23}.Release|Any CPU.Build.0 = Release|Any CPU
	EndGlobalSection
	GlobalSection(SolutionProperties) = preSolution
		HideSolutionNode = FALSE
	EndGlobalSection
	GlobalSection(ExtensibilityGlobals) = postSolution
		SolutionGuid = {1A9EAF19-49B2-4008-9E40-92E1A7C4D212}
	EndGlobalSection
EndGlobal
